// !$*UTF8*$!
{
	archiveVersion = 1;
	classes = {
	};
	objectVersion = 46;
	objects = {

/* Begin PBXBuildFile section */
		FCE804301EB2EB6200DA7C74 /* main.m in Sources */ = {isa = PBXBuildFile; fileRef = FCE8042F1EB2EB6200DA7C74 /* main.m */; };
		FCE804331EB2EB6200DA7C74 /* AppDelegate.m in Sources */ = {isa = PBXBuildFile; fileRef = FCE804321EB2EB6200DA7C74 /* AppDelegate.m */; };
		FCE804361EB2EB6200DA7C74 /* ViewController.m in Sources */ = {isa = PBXBuildFile; fileRef = FCE804351EB2EB6200DA7C74 /* ViewController.m */; };
		FCE804391EB2EB6200DA7C74 /* Main.storyboard in Resources */ = {isa = PBXBuildFile; fileRef = FCE804371EB2EB6200DA7C74 /* Main.storyboard */; };
		FCE8043B1EB2EB6200DA7C74 /* Assets.xcassets in Resources */ = {isa = PBXBuildFile; fileRef = FCE8043A1EB2EB6200DA7C74 /* Assets.xcassets */; };
		FCE8043E1EB2EB6200DA7C74 /* LaunchScreen.storyboard in Resources */ = {isa = PBXBuildFile; fileRef = FCE8043C1EB2EB6200DA7C74 /* LaunchScreen.storyboard */; };
		FCE804491EB2EB6200DA7C74 /* SmartUtilExampleTests.m in Sources */ = {isa = PBXBuildFile; fileRef = FCE804481EB2EB6200DA7C74 /* SmartUtilExampleTests.m */; };
		FCE804541EB2EB6200DA7C74 /* SmartUtilExampleUITests.m in Sources */ = {isa = PBXBuildFile; fileRef = FCE804531EB2EB6200DA7C74 /* SmartUtilExampleUITests.m */; };
		FCE804671EB2FB7800DA7C74 /* SmartUtil.framework in Frameworks */ = {isa = PBXBuildFile; fileRef = FCE804661EB2FB7800DA7C74 /* SmartUtil.framework */; };
/* End PBXBuildFile section */

/* Begin PBXContainerItemProxy section */
		FCE804451EB2EB6200DA7C74 /* PBXContainerItemProxy */ = {
			isa = PBXContainerItemProxy;
			containerPortal = FCE804231EB2EB6200DA7C74 /* Project object */;
			proxyType = 1;
			remoteGlobalIDString = FCE8042A1EB2EB6200DA7C74;
			remoteInfo = SmartUtilExample;
		};
		FCE804501EB2EB6200DA7C74 /* PBXContainerItemProxy */ = {
			isa = PBXContainerItemProxy;
			containerPortal = FCE804231EB2EB6200DA7C74 /* Project object */;
			proxyType = 1;
			remoteGlobalIDString = FCE8042A1EB2EB6200DA7C74;
			remoteInfo = SmartUtilExample;
		};
/* End PBXContainerItemProxy section */

/* Begin PBXFileReference section */
		FCE8042B1EB2EB6200DA7C74 /* SmartUtilExample.app */ = {isa = PBXFileReference; explicitFileType = wrapper.application; includeInIndex = 0; path = SmartUtilExample.app; sourceTree = BUILT_PRODUCTS_DIR; };
		FCE8042F1EB2EB6200DA7C74 /* main.m */ = {isa = PBXFileReference; lastKnownFileType = sourcecode.c.objc; path = main.m; sourceTree = "<group>"; };
		FCE804311EB2EB6200DA7C74 /* AppDelegate.h */ = {isa = PBXFileReference; lastKnownFileType = sourcecode.c.h; path = AppDelegate.h; sourceTree = "<group>"; };
		FCE804321EB2EB6200DA7C74 /* AppDelegate.m */ = {isa = PBXFileReference; lastKnownFileType = sourcecode.c.objc; path = AppDelegate.m; sourceTree = "<group>"; };
		FCE804341EB2EB6200DA7C74 /* ViewController.h */ = {isa = PBXFileReference; lastKnownFileType = sourcecode.c.h; path = ViewController.h; sourceTree = "<group>"; };
		FCE804351EB2EB6200DA7C74 /* ViewController.m */ = {isa = PBXFileReference; lastKnownFileType = sourcecode.c.objc; path = ViewController.m; sourceTree = "<group>"; };
		FCE804381EB2EB6200DA7C74 /* Base */ = {isa = PBXFileReference; lastKnownFileType = file.storyboard; name = Base; path = Base.lproj/Main.storyboard; sourceTree = "<group>"; };
		FCE8043A1EB2EB6200DA7C74 /* Assets.xcassets */ = {isa = PBXFileReference; lastKnownFileType = folder.assetcatalog; path = Assets.xcassets; sourceTree = "<group>"; };
		FCE8043D1EB2EB6200DA7C74 /* Base */ = {isa = PBXFileReference; lastKnownFileType = file.storyboard; name = Base; path = Base.lproj/LaunchScreen.storyboard; sourceTree = "<group>"; };
		FCE8043F1EB2EB6200DA7C74 /* Info.plist */ = {isa = PBXFileReference; lastKnownFileType = text.plist.xml; path = Info.plist; sourceTree = "<group>"; };
		FCE804441EB2EB6200DA7C74 /* SmartUtilExampleTests.xctest */ = {isa = PBXFileReference; explicitFileType = wrapper.cfbundle; includeInIndex = 0; path = SmartUtilExampleTests.xctest; sourceTree = BUILT_PRODUCTS_DIR; };
		FCE804481EB2EB6200DA7C74 /* SmartUtilExampleTests.m */ = {isa = PBXFileReference; lastKnownFileType = sourcecode.c.objc; path = SmartUtilExampleTests.m; sourceTree = "<group>"; };
		FCE8044A1EB2EB6200DA7C74 /* Info.plist */ = {isa = PBXFileReference; lastKnownFileType = text.plist.xml; path = Info.plist; sourceTree = "<group>"; };
		FCE8044F1EB2EB6200DA7C74 /* SmartUtilExampleUITests.xctest */ = {isa = PBXFileReference; explicitFileType = wrapper.cfbundle; includeInIndex = 0; path = SmartUtilExampleUITests.xctest; sourceTree = BUILT_PRODUCTS_DIR; };
		FCE804531EB2EB6200DA7C74 /* SmartUtilExampleUITests.m */ = {isa = PBXFileReference; lastKnownFileType = sourcecode.c.objc; path = SmartUtilExampleUITests.m; sourceTree = "<group>"; };
		FCE804551EB2EB6200DA7C74 /* Info.plist */ = {isa = PBXFileReference; lastKnownFileType = text.plist.xml; path = Info.plist; sourceTree = "<group>"; };
		FCE804661EB2FB7800DA7C74 /* SmartUtil.framework */ = {isa = PBXFileReference; lastKnownFileType = wrapper.framework; name = SmartUtil.framework; path = "../../../../Library/Developer/Xcode/DerivedData/SmartUtil-budhxhyowdbaodambxzzcceldgwu/Build/Products/Debug-iphoneos/SmartUtil.framework"; sourceTree = "<group>"; };
/* End PBXFileReference section */

/* Begin PBXFrameworksBuildPhase section */
		FCE804281EB2EB6200DA7C74 /* Frameworks */ = {
			isa = PBXFrameworksBuildPhase;
			buildActionMask = 2147483647;
			files = (
				FCE804671EB2FB7800DA7C74 /* SmartUtil.framework in Frameworks */,
			);
			runOnlyForDeploymentPostprocessing = 0;
		};
		FCE804411EB2EB6200DA7C74 /* Frameworks */ = {
			isa = PBXFrameworksBuildPhase;
			buildActionMask = 2147483647;
			files = (
			);
			runOnlyForDeploymentPostprocessing = 0;
		};
		FCE8044C1EB2EB6200DA7C74 /* Frameworks */ = {
			isa = PBXFrameworksBuildPhase;
			buildActionMask = 2147483647;
			files = (
			);
			runOnlyForDeploymentPostprocessing = 0;
		};
/* End PBXFrameworksBuildPhase section */

/* Begin PBXGroup section */
		FCE804221EB2EB6200DA7C74 = {
			isa = PBXGroup;
			children = (
				FCE8042D1EB2EB6200DA7C74 /* SmartUtilExample */,
				FCE804471EB2EB6200DA7C74 /* SmartUtilExampleTests */,
				FCE804521EB2EB6200DA7C74 /* SmartUtilExampleUITests */,
				FCE8042C1EB2EB6200DA7C74 /* Products */,
				FCE804611EB2EC3000DA7C74 /* Frameworks */,
			);
			sourceTree = "<group>";
		};
		FCE8042C1EB2EB6200DA7C74 /* Products */ = {
			isa = PBXGroup;
			children = (
				FCE8042B1EB2EB6200DA7C74 /* SmartUtilExample.app */,
				FCE804441EB2EB6200DA7C74 /* SmartUtilExampleTests.xctest */,
				FCE8044F1EB2EB6200DA7C74 /* SmartUtilExampleUITests.xctest */,
			);
			name = Products;
			sourceTree = "<group>";
		};
		FCE8042D1EB2EB6200DA7C74 /* SmartUtilExample */ = {
			isa = PBXGroup;
			children = (
				FCE804311EB2EB6200DA7C74 /* AppDelegate.h */,
				FCE804321EB2EB6200DA7C74 /* AppDelegate.m */,
				FCE804341EB2EB6200DA7C74 /* ViewController.h */,
				FCE804351EB2EB6200DA7C74 /* ViewController.m */,
				FCE804371EB2EB6200DA7C74 /* Main.storyboard */,
				FCE8043A1EB2EB6200DA7C74 /* Assets.xcassets */,
				FCE8043C1EB2EB6200DA7C74 /* LaunchScreen.storyboard */,
				FCE8043F1EB2EB6200DA7C74 /* Info.plist */,
				FCE8042E1EB2EB6200DA7C74 /* Supporting Files */,
			);
			path = SmartUtilExample;
			sourceTree = "<group>";
		};
		FCE8042E1EB2EB6200DA7C74 /* Supporting Files */ = {
			isa = PBXGroup;
			children = (
				FCE8042F1EB2EB6200DA7C74 /* main.m */,
			);
			name = "Supporting Files";
			sourceTree = "<group>";
		};
		FCE804471EB2EB6200DA7C74 /* SmartUtilExampleTests */ = {
			isa = PBXGroup;
			children = (
				FCE804481EB2EB6200DA7C74 /* SmartUtilExampleTests.m */,
				FCE8044A1EB2EB6200DA7C74 /* Info.plist */,
			);
			path = SmartUtilExampleTests;
			sourceTree = "<group>";
		};
		FCE804521EB2EB6200DA7C74 /* SmartUtilExampleUITests */ = {
			isa = PBXGroup;
			children = (
				FCE804531EB2EB6200DA7C74 /* SmartUtilExampleUITests.m */,
				FCE804551EB2EB6200DA7C74 /* Info.plist */,
			);
			path = SmartUtilExampleUITests;
			sourceTree = "<group>";
		};
		FCE804611EB2EC3000DA7C74 /* Frameworks */ = {
			isa = PBXGroup;
			children = (
				FCE804661EB2FB7800DA7C74 /* SmartUtil.framework */,
			);
			name = Frameworks;
			sourceTree = "<group>";
		};
/* End PBXGroup section */

/* Begin PBXNativeTarget section */
		FCE8042A1EB2EB6200DA7C74 /* SmartUtilExample */ = {
			isa = PBXNativeTarget;
			buildConfigurationList = FCE804581EB2EB6200DA7C74 /* Build configuration list for PBXNativeTarget "SmartUtilExample" */;
			buildPhases = (
				FCE804271EB2EB6200DA7C74 /* Sources */,
				FCE804281EB2EB6200DA7C74 /* Frameworks */,
				FCE804291EB2EB6200DA7C74 /* Resources */,
			);
			buildRules = (
			);
			dependencies = (
			);
			name = SmartUtilExample;
			productName = SmartUtilExample;
			productReference = FCE8042B1EB2EB6200DA7C74 /* SmartUtilExample.app */;
			productType = "com.apple.product-type.application";
		};
		FCE804431EB2EB6200DA7C74 /* SmartUtilExampleTests */ = {
			isa = PBXNativeTarget;
			buildConfigurationList = FCE8045B1EB2EB6200DA7C74 /* Build configuration list for PBXNativeTarget "SmartUtilExampleTests" */;
			buildPhases = (
				FCE804401EB2EB6200DA7C74 /* Sources */,
				FCE804411EB2EB6200DA7C74 /* Frameworks */,
				FCE804421EB2EB6200DA7C74 /* Resources */,
			);
			buildRules = (
			);
			dependencies = (
				FCE804461EB2EB6200DA7C74 /* PBXTargetDependency */,
			);
			name = SmartUtilExampleTests;
			productName = SmartUtilExampleTests;
			productReference = FCE804441EB2EB6200DA7C74 /* SmartUtilExampleTests.xctest */;
			productType = "com.apple.product-type.bundle.unit-test";
		};
		FCE8044E1EB2EB6200DA7C74 /* SmartUtilExampleUITests */ = {
			isa = PBXNativeTarget;
			buildConfigurationList = FCE8045E1EB2EB6200DA7C74 /* Build configuration list for PBXNativeTarget "SmartUtilExampleUITests" */;
			buildPhases = (
				FCE8044B1EB2EB6200DA7C74 /* Sources */,
				FCE8044C1EB2EB6200DA7C74 /* Frameworks */,
				FCE8044D1EB2EB6200DA7C74 /* Resources */,
			);
			buildRules = (
			);
			dependencies = (
				FCE804511EB2EB6200DA7C74 /* PBXTargetDependency */,
			);
			name = SmartUtilExampleUITests;
			productName = SmartUtilExampleUITests;
			productReference = FCE8044F1EB2EB6200DA7C74 /* SmartUtilExampleUITests.xctest */;
			productType = "com.apple.product-type.bundle.ui-testing";
		};
/* End PBXNativeTarget section */

/* Begin PBXProject section */
		FCE804231EB2EB6200DA7C74 /* Project object */ = {
			isa = PBXProject;
			attributes = {
				LastUpgradeCheck = 0830;
				ORGANIZATIONNAME = CoderHann;
				TargetAttributes = {
					FCE8042A1EB2EB6200DA7C74 = {
						CreatedOnToolsVersion = 8.3.2;
						DevelopmentTeam = ZNES8UYBMU;
						ProvisioningStyle = Automatic;
					};
					FCE804431EB2EB6200DA7C74 = {
						CreatedOnToolsVersion = 8.3.2;
						DevelopmentTeam = ZNES8UYBMU;
						ProvisioningStyle = Automatic;
						TestTargetID = FCE8042A1EB2EB6200DA7C74;
					};
					FCE8044E1EB2EB6200DA7C74 = {
						CreatedOnToolsVersion = 8.3.2;
						DevelopmentTeam = ZNES8UYBMU;
						ProvisioningStyle = Automatic;
						TestTargetID = FCE8042A1EB2EB6200DA7C74;
					};
				};
			};
			buildConfigurationList = FCE804261EB2EB6200DA7C74 /* Build configuration list for PBXProject "SmartUtilExample" */;
			compatibilityVersion = "Xcode 3.2";
			developmentRegion = English;
			hasScannedForEncodings = 0;
			knownRegions = (
				en,
				Base,
			);
			mainGroup = FCE804221EB2EB6200DA7C74;
			productRefGroup = FCE8042C1EB2EB6200DA7C74 /* Products */;
			projectDirPath = "";
			projectRoot = "";
			targets = (
				FCE8042A1EB2EB6200DA7C74 /* SmartUtilExample */,
				FCE804431EB2EB6200DA7C74 /* SmartUtilExampleTests */,
				FCE8044E1EB2EB6200DA7C74 /* SmartUtilExampleUITests */,
			);
		};
/* End PBXProject section */

/* Begin PBXResourcesBuildPhase section */
		FCE804291EB2EB6200DA7C74 /* Resources */ = {
			isa = PBXResourcesBuildPhase;
			buildActionMask = 2147483647;
			files = (
				FCE8043E1EB2EB6200DA7C74 /* LaunchScreen.storyboard in Resources */,
				FCE8043B1EB2EB6200DA7C74 /* Assets.xcassets in Resources */,
				FCE804391EB2EB6200DA7C74 /* Main.storyboard in Resources */,
			);
			runOnlyForDeploymentPostprocessing = 0;
		};
		FCE804421EB2EB6200DA7C74 /* Resources */ = {
			isa = PBXResourcesBuildPhase;
			buildActionMask = 2147483647;
			files = (
			);
			runOnlyForDeploymentPostprocessing = 0;
		};
		FCE8044D1EB2EB6200DA7C74 /* Resources */ = {
			isa = PBXResourcesBuildPhase;
			buildActionMask = 2147483647;
			files = (
			);
			runOnlyForDeploymentPostprocessing = 0;
		};
/* End PBXResourcesBuildPhase section */

/* Begin PBXSourcesBuildPhase section */
		FCE804271EB2EB6200DA7C74 /* Sources */ = {
			isa = PBXSourcesBuildPhase;
			buildActionMask = 2147483647;
			files = (
				FCE804361EB2EB6200DA7C74 /* ViewController.m in Sources */,
				FCE804331EB2EB6200DA7C74 /* AppDelegate.m in Sources */,
				FCE804301EB2EB6200DA7C74 /* main.m in Sources */,
			);
			runOnlyForDeploymentPostprocessing = 0;
		};
		FCE804401EB2EB6200DA7C74 /* Sources */ = {
			isa = PBXSourcesBuildPhase;
			buildActionMask = 2147483647;
			files = (
				FCE804491EB2EB6200DA7C74 /* SmartUtilExampleTests.m in Sources */,
			);
			runOnlyForDeploymentPostprocessing = 0;
		};
		FCE8044B1EB2EB6200DA7C74 /* Sources */ = {
			isa = PBXSourcesBuildPhase;
			buildActionMask = 2147483647;
			files = (
				FCE804541EB2EB6200DA7C74 /* SmartUtilExampleUITests.m in Sources */,
			);
			runOnlyForDeploymentPostprocessing = 0;
		};
/* End PBXSourcesBuildPhase section */

/* Begin PBXTargetDependency section */
		FCE804461EB2EB6200DA7C74 /* PBXTargetDependency */ = {
			isa = PBXTargetDependency;
			target = FCE8042A1EB2EB6200DA7C74 /* SmartUtilExample */;
			targetProxy = FCE804451EB2EB6200DA7C74 /* PBXContainerItemProxy */;
		};
		FCE804511EB2EB6200DA7C74 /* PBXTargetDependency */ = {
			isa = PBXTargetDependency;
			target = FCE8042A1EB2EB6200DA7C74 /* SmartUtilExample */;
			targetProxy = FCE804501EB2EB6200DA7C74 /* PBXContainerItemProxy */;
		};
/* End PBXTargetDependency section */

/* Begin PBXVariantGroup section */
		FCE804371EB2EB6200DA7C74 /* Main.storyboard */ = {
			isa = PBXVariantGroup;
			children = (
				FCE804381EB2EB6200DA7C74 /* Base */,
			);
			name = Main.storyboard;
			sourceTree = "<group>";
		};
		FCE8043C1EB2EB6200DA7C74 /* LaunchScreen.storyboard */ = {
			isa = PBXVariantGroup;
			children = (
				FCE8043D1EB2EB6200DA7C74 /* Base */,
			);
			name = LaunchScreen.storyboard;
			sourceTree = "<group>";
		};
/* End PBXVariantGroup section */

/* Begin XCBuildConfiguration section */
		FCE804561EB2EB6200DA7C74 /* Debug */ = {
			isa = XCBuildConfiguration;
			buildSettings = {
				ALWAYS_SEARCH_USER_PATHS = NO;
				CLANG_ANALYZER_NONNULL = YES;
				CLANG_ANALYZER_NUMBER_OBJECT_CONVERSION = YES_AGGRESSIVE;
				CLANG_CXX_LANGUAGE_STANDARD = "gnu++0x";
				CLANG_CXX_LIBRARY = "libc++";
				CLANG_ENABLE_MODULES = YES;
				CLANG_ENABLE_OBJC_ARC = YES;
				CLANG_WARN_BOOL_CONVERSION = YES;
				CLANG_WARN_CONSTANT_CONVERSION = YES;
				CLANG_WARN_DIRECT_OBJC_ISA_USAGE = YES_ERROR;
				CLANG_WARN_DOCUMENTATION_COMMENTS = YES;
				CLANG_WARN_EMPTY_BODY = YES;
				CLANG_WARN_ENUM_CONVERSION = YES;
				CLANG_WARN_INFINITE_RECURSION = YES;
				CLANG_WARN_INT_CONVERSION = YES;
				CLANG_WARN_OBJC_ROOT_CLASS = YES_ERROR;
				CLANG_WARN_SUSPICIOUS_MOVE = YES;
				CLANG_WARN_UNREACHABLE_CODE = YES;
				CLANG_WARN__DUPLICATE_METHOD_MATCH = YES;
				"CODE_SIGN_IDENTITY[sdk=iphoneos*]" = "iPhone Developer";
				COPY_PHASE_STRIP = NO;
				DEBUG_INFORMATION_FORMAT = dwarf;
				ENABLE_STRICT_OBJC_MSGSEND = YES;
				ENABLE_TESTABILITY = YES;
				GCC_C_LANGUAGE_STANDARD = gnu99;
				GCC_DYNAMIC_NO_PIC = NO;
				GCC_NO_COMMON_BLOCKS = YES;
				GCC_OPTIMIZATION_LEVEL = 0;
				GCC_PREPROCESSOR_DEFINITIONS = (
					"DEBUG=1",
					"$(inherited)",
				);
				GCC_WARN_64_TO_32_BIT_CONVERSION = YES;
				GCC_WARN_ABOUT_RETURN_TYPE = YES_ERROR;
				GCC_WARN_UNDECLARED_SELECTOR = YES;
				GCC_WARN_UNINITIALIZED_AUTOS = YES_AGGRESSIVE;
				GCC_WARN_UNUSED_FUNCTION = YES;
				GCC_WARN_UNUSED_VARIABLE = YES;
				IPHONEOS_DEPLOYMENT_TARGET = 10.3;
				MTL_ENABLE_DEBUG_INFO = YES;
				ONLY_ACTIVE_ARCH = YES;
				SDKROOT = iphoneos;
			};
			name = Debug;
		};
		FCE804571EB2EB6200DA7C74 /* Release */ = {
			isa = XCBuildConfiguration;
			buildSettings = {
				ALWAYS_SEARCH_USER_PATHS = NO;
				CLANG_ANALYZER_NONNULL = YES;
				CLANG_ANALYZER_NUMBER_OBJECT_CONVERSION = YES_AGGRESSIVE;
				CLANG_CXX_LANGUAGE_STANDARD = "gnu++0x";
				CLANG_CXX_LIBRARY = "libc++";
				CLANG_ENABLE_MODULES = YES;
				CLANG_ENABLE_OBJC_ARC = YES;
				CLANG_WARN_BOOL_CONVERSION = YES;
				CLANG_WARN_CONSTANT_CONVERSION = YES;
				CLANG_WARN_DIRECT_OBJC_ISA_USAGE = YES_ERROR;
				CLANG_WARN_DOCUMENTATION_COMMENTS = YES;
				CLANG_WARN_EMPTY_BODY = YES;
				CLANG_WARN_ENUM_CONVERSION = YES;
				CLANG_WARN_INFINITE_RECURSION = YES;
				CLANG_WARN_INT_CONVERSION = YES;
				CLANG_WARN_OBJC_ROOT_CLASS = YES_ERROR;
				CLANG_WARN_SUSPICIOUS_MOVE = YES;
				CLANG_WARN_UNREACHABLE_CODE = YES;
				CLANG_WARN__DUPLICATE_METHOD_MATCH = YES;
				"CODE_SIGN_IDENTITY[sdk=iphoneos*]" = "iPhone Developer";
				COPY_PHASE_STRIP = NO;
				DEBUG_INFORMATION_FORMAT = "dwarf-with-dsym";
				ENABLE_NS_ASSERTIONS = NO;
				ENABLE_STRICT_OBJC_MSGSEND = YES;
				GCC_C_LANGUAGE_STANDARD = gnu99;
				GCC_NO_COMMON_BLOCKS = YES;
				GCC_WARN_64_TO_32_BIT_CONVERSION = YES;
				GCC_WARN_ABOUT_RETURN_TYPE = YES_ERROR;
				GCC_WARN_UNDECLARED_SELECTOR = YES;
				GCC_WARN_UNINITIALIZED_AUTOS = YES_AGGRESSIVE;
				GCC_WARN_UNUSED_FUNCTION = YES;
				GCC_WARN_UNUSED_VARIABLE = YES;
				IPHONEOS_DEPLOYMENT_TARGET = 10.3;
				MTL_ENABLE_DEBUG_INFO = NO;
				SDKROOT = iphoneos;
				VALIDATE_PRODUCT = YES;
			};
			name = Release;
		};
		FCE804591EB2EB6200DA7C74 /* Debug */ = {
			isa = XCBuildConfiguration;
			buildSettings = {
				ASSETCATALOG_COMPILER_APPICON_NAME = AppIcon;
				DEVELOPMENT_TEAM = ZNES8UYBMU;
				INFOPLIST_FILE = SmartUtilExample/Info.plist;
				LD_RUNPATH_SEARCH_PATHS = "$(inherited) @executable_path/Frameworks";
				PRODUCT_BUNDLE_IDENTIFIER = com.coderHann.app.SmartUtilExample;
				PRODUCT_NAME = "$(TARGET_NAME)";
			};
			name = Debug;
		};
		FCE8045A1EB2EB6200DA7C74 /* Release */ = {
			isa = XCBuildConfiguration;
			buildSettings = {
				ASSETCATALOG_COMPILER_APPICON_NAME = AppIcon;
				DEVELOPMENT_TEAM = ZNES8UYBMU;
				INFOPLIST_FILE = SmartUtilExample/Info.plist;
				LD_RUNPATH_SEARCH_PATHS = "$(inherited) @executable_path/Frameworks";
				PRODUCT_BUNDLE_IDENTIFIER = com.coderHann.app.SmartUtilExample;
				PRODUCT_NAME = "$(TARGET_NAME)";
			};
			name = Release;
		};
		FCE8045C1EB2EB6200DA7C74 /* Debug */ = {
			isa = XCBuildConfiguration;
			buildSettings = {
				BUNDLE_LOADER = "$(TEST_HOST)";
				DEVELOPMENT_TEAM = ZNES8UYBMU;
				INFOPLIST_FILE = SmartUtilExampleTests/Info.plist;
				LD_RUNPATH_SEARCH_PATHS = "$(inherited) @executable_path/Frameworks @loader_path/Frameworks";
				PRODUCT_BUNDLE_IDENTIFIER = com.coderHann.app.SmartUtilExampleTests;
				PRODUCT_NAME = "$(TARGET_NAME)";
				TEST_HOST = "$(BUILT_PRODUCTS_DIR)/SmartUtilExample.app/SmartUtilExample";
			};
			name = Debug;
		};
		FCE8045D1EB2EB6200DA7C74 /* Release */ = {
			isa = XCBuildConfiguration;
			buildSettings = {
				BUNDLE_LOADER = "$(TEST_HOST)";
				DEVELOPMENT_TEAM = ZNES8UYBMU;
				INFOPLIST_FILE = SmartUtilExampleTests/Info.plist;
				LD_RUNPATH_SEARCH_PATHS = "$(inherited) @executable_path/Frameworks @loader_path/Frameworks";
				PRODUCT_BUNDLE_IDENTIFIER = com.coderHann.app.SmartUtilExampleTests;
				PRODUCT_NAME = "$(TARGET_NAME)";
				TEST_HOST = "$(BUILT_PRODUCTS_DIR)/SmartUtilExample.app/SmartUtilExample";
			};
			name = Release;
		};
		FCE8045F1EB2EB6200DA7C74 /* Debug */ = {
			isa = XCBuildConfiguration;
			buildSettings = {
				DEVELOPMENT_TEAM = ZNES8UYBMU;
				INFOPLIST_FILE = SmartUtilExampleUITests/Info.plist;
				LD_RUNPATH_SEARCH_PATHS = "$(inherited) @executable_path/Frameworks @loader_path/Frameworks";
				PRODUCT_BUNDLE_IDENTIFIER = com.coderHann.app.SmartUtilExampleUITests;
				PRODUCT_NAME = "$(TARGET_NAME)";
				TEST_TARGET_NAME = SmartUtilExample;
			};
			name = Debug;
		};
		FCE804601EB2EB6200DA7C74 /* Release */ = {
			isa = XCBuildConfiguration;
			buildSettings = {
				DEVELOPMENT_TEAM = ZNES8UYBMU;
				INFOPLIST_FILE = SmartUtilExampleUITests/Info.plist;
				LD_RUNPATH_SEARCH_PATHS = "$(inherited) @executable_path/Frameworks @loader_path/Frameworks";
				PRODUCT_BUNDLE_IDENTIFIER = com.coderHann.app.SmartUtilExampleUITests;
				PRODUCT_NAME = "$(TARGET_NAME)";
				TEST_TARGET_NAME = SmartUtilExample;
			};
			name = Release;
		};
/* End XCBuildConfiguration section */

/* Begin XCConfigurationList section */
		FCE804261EB2EB6200DA7C74 /* Build configuration list for PBXProject "SmartUtilExample" */ = {
			isa = XCConfigurationList;
			buildConfigurations = (
				FCE804561EB2EB6200DA7C74 /* Debug */,
				FCE804571EB2EB6200DA7C74 /* Release */,
			);
			defaultConfigurationIsVisible = 0;
			defaultConfigurationName = Release;
		};
		FCE804581EB2EB6200DA7C74 /* Build configuration list for PBXNativeTarget "SmartUtilExample" */ = {
			isa = XCConfigurationList;
			buildConfigurations = (
				FCE804591EB2EB6200DA7C74 /* Debug */,
				FCE8045A1EB2EB6200DA7C74 /* Release */,
			);
			defaultConfigurationIsVisible = 0;
		};
		FCE8045B1EB2EB6200DA7C74 /* Build configuration list for PBXNativeTarget "SmartUtilExampleTests" */ = {
			isa = XCConfigurationList;
			buildConfigurations = (
				FCE8045C1EB2EB6200DA7C74 /* Debug */,
				FCE8045D1EB2EB6200DA7C74 /* Release */,
			);
			defaultConfigurationIsVisible = 0;
		};
		FCE8045E1EB2EB6200DA7C74 /* Build configuration list for PBXNativeTarget "SmartUtilExampleUITests" */ = {
			isa = XCConfigurationList;
			buildConfigurations = (
				FCE8045F1EB2EB6200DA7C74 /* Debug */,
				FCE804601EB2EB6200DA7C74 /* Release */,
			);
			defaultConfigurationIsVisible = 0;
		};
/* End XCConfigurationList section */
	};
	rootObject = FCE804231EB2EB6200DA7C74 /* Project object */;
}
