// !$*UTF8*$!
{
	archiveVersion = 1;
	classes = {
	};
	objectVersion = 46;
	objects = {

/* Begin PBXBuildFile section */
		FC8F7AD41EB081150033E963 /* main.m in Sources */ = {isa = PBXBuildFile; fileRef = FC8F7AD31EB081150033E963 /* main.m */; };
		FC8F7AD71EB081150033E963 /* AppDelegate.m in Sources */ = {isa = PBXBuildFile; fileRef = FC8F7AD61EB081150033E963 /* AppDelegate.m */; };
		FC8F7ADA1EB081150033E963 /* ViewController.m in Sources */ = {isa = PBXBuildFile; fileRef = FC8F7AD91EB081150033E963 /* ViewController.m */; };
		FC8F7ADD1EB081150033E963 /* Main.storyboard in Resources */ = {isa = PBXBuildFile; fileRef = FC8F7ADB1EB081150033E963 /* Main.storyboard */; };
		FC8F7ADF1EB081150033E963 /* Assets.xcassets in Resources */ = {isa = PBXBuildFile; fileRef = FC8F7ADE1EB081150033E963 /* Assets.xcassets */; };
		FC8F7AE21EB081150033E963 /* LaunchScreen.storyboard in Resources */ = {isa = PBXBuildFile; fileRef = FC8F7AE01EB081150033E963 /* LaunchScreen.storyboard */; };
/* End PBXBuildFile section */

/* Begin PBXFileReference section */
		FC8F7ACF1EB081150033E963 /* SmartUtilExamples.app */ = {isa = PBXFileReference; explicitFileType = wrapper.application; includeInIndex = 0; path = SmartUtilExamples.app; sourceTree = BUILT_PRODUCTS_DIR; };
		FC8F7AD31EB081150033E963 /* main.m */ = {isa = PBXFileReference; lastKnownFileType = sourcecode.c.objc; path = main.m; sourceTree = "<group>"; };
		FC8F7AD51EB081150033E963 /* AppDelegate.h */ = {isa = PBXFileReference; lastKnownFileType = sourcecode.c.h; path = AppDelegate.h; sourceTree = "<group>"; };
		FC8F7AD61EB081150033E963 /* AppDelegate.m */ = {isa = PBXFileReference; lastKnownFileType = sourcecode.c.objc; path = AppDelegate.m; sourceTree = "<group>"; };
		FC8F7AD81EB081150033E963 /* ViewController.h */ = {isa = PBXFileReference; lastKnownFileType = sourcecode.c.h; path = ViewController.h; sourceTree = "<group>"; };
		FC8F7AD91EB081150033E963 /* ViewController.m */ = {isa = PBXFileReference; lastKnownFileType = sourcecode.c.objc; path = ViewController.m; sourceTree = "<group>"; };
		FC8F7ADC1EB081150033E963 /* Base */ = {isa = PBXFileReference; lastKnownFileType = file.storyboard; name = Base; path = Base.lproj/Main.storyboard; sourceTree = "<group>"; };
		FC8F7ADE1EB081150033E963 /* Assets.xcassets */ = {isa = PBXFileReference; lastKnownFileType = folder.assetcatalog; path = Assets.xcassets; sourceTree = "<group>"; };
		FC8F7AE11EB081150033E963 /* Base */ = {isa = PBXFileReference; lastKnownFileType = file.storyboard; name = Base; path = Base.lproj/LaunchScreen.storyboard; sourceTree = "<group>"; };
		FC8F7AE31EB081150033E963 /* Info.plist */ = {isa = PBXFileReference; lastKnownFileType = text.plist.xml; path = Info.plist; sourceTree = "<group>"; };
/* End PBXFileReference section */

/* Begin PBXFrameworksBuildPhase section */
		FC8F7ACC1EB081150033E963 /* Frameworks */ = {
			isa = PBXFrameworksBuildPhase;
			buildActionMask = 2147483647;
			files = (
			);
			runOnlyForDeploymentPostprocessing = 0;
		};
/* End PBXFrameworksBuildPhase section */

/* Begin PBXGroup section */
		FC8F7AC61EB081150033E963 = {
			isa = PBXGroup;
			children = (
				FC8F7AD11EB081150033E963 /* SmartUtilExamples */,
				FC8F7AD01EB081150033E963 /* Products */,
			);
			sourceTree = "<group>";
		};
		FC8F7AD01EB081150033E963 /* Products */ = {
			isa = PBXGroup;
			children = (
				FC8F7ACF1EB081150033E963 /* SmartUtilExamples.app */,
			);
			name = Products;
			sourceTree = "<group>";
		};
		FC8F7AD11EB081150033E963 /* SmartUtilExamples */ = {
			isa = PBXGroup;
			children = (
				FC8F7AD51EB081150033E963 /* AppDelegate.h */,
				FC8F7AD61EB081150033E963 /* AppDelegate.m */,
				FC8F7AD81EB081150033E963 /* ViewController.h */,
				FC8F7AD91EB081150033E963 /* ViewController.m */,
				FC8F7ADB1EB081150033E963 /* Main.storyboard */,
				FC8F7ADE1EB081150033E963 /* Assets.xcassets */,
				FC8F7AE01EB081150033E963 /* LaunchScreen.storyboard */,
				FC8F7AE31EB081150033E963 /* Info.plist */,
				FC8F7AD21EB081150033E963 /* Supporting Files */,
			);
			path = SmartUtilExamples;
			sourceTree = "<group>";
		};
		FC8F7AD21EB081150033E963 /* Supporting Files */ = {
			isa = PBXGroup;
			children = (
				FC8F7AD31EB081150033E963 /* main.m */,
			);
			name = "Supporting Files";
			sourceTree = "<group>";
		};
/* End PBXGroup section */

/* Begin PBXNativeTarget section */
		FC8F7ACE1EB081150033E963 /* SmartUtilExamples */ = {
			isa = PBXNativeTarget;
			buildConfigurationList = FC8F7AE61EB081150033E963 /* Build configuration list for PBXNativeTarget "SmartUtilExamples" */;
			buildPhases = (
				FC8F7ACB1EB081150033E963 /* Sources */,
				FC8F7ACC1EB081150033E963 /* Frameworks */,
				FC8F7ACD1EB081150033E963 /* Resources */,
			);
			buildRules = (
			);
			dependencies = (
			);
			name = SmartUtilExamples;
			productName = SmartUtilExamples;
			productReference = FC8F7ACF1EB081150033E963 /* SmartUtilExamples.app */;
			productType = "com.apple.product-type.application";
		};
/* End PBXNativeTarget section */

/* Begin PBXProject section */
		FC8F7AC71EB081150033E963 /* Project object */ = {
			isa = PBXProject;
			attributes = {
				LastUpgradeCheck = 0830;
				ORGANIZATIONNAME = CoderHann;
				TargetAttributes = {
					FC8F7ACE1EB081150033E963 = {
						CreatedOnToolsVersion = 8.3.2;
						DevelopmentTeam = ZNES8UYBMU;
						ProvisioningStyle = Automatic;
					};
				};
			};
			buildConfigurationList = FC8F7ACA1EB081150033E963 /* Build configuration list for PBXProject "SmartUtilExamples" */;
			compatibilityVersion = "Xcode 3.2";
			developmentRegion = English;
			hasScannedForEncodings = 0;
			knownRegions = (
				en,
				Base,
			);
			mainGroup = FC8F7AC61EB081150033E963;
			productRefGroup = FC8F7AD01EB081150033E963 /* Products */;
			projectDirPath = "";
			projectRoot = "";
			targets = (
				FC8F7ACE1EB081150033E963 /* SmartUtilExamples */,
			);
		};
/* End PBXProject section */

/* Begin PBXResourcesBuildPhase section */
		FC8F7ACD1EB081150033E963 /* Resources */ = {
			isa = PBXResourcesBuildPhase;
			buildActionMask = 2147483647;
			files = (
				FC8F7AE21EB081150033E963 /* LaunchScreen.storyboard in Resources */,
				FC8F7ADF1EB081150033E963 /* Assets.xcassets in Resources */,
				FC8F7ADD1EB081150033E963 /* Main.storyboard in Resources */,
			);
			runOnlyForDeploymentPostprocessing = 0;
		};
/* End PBXResourcesBuildPhase section */

/* Begin PBXSourcesBuildPhase section */
		FC8F7ACB1EB081150033E963 /* Sources */ = {
			isa = PBXSourcesBuildPhase;
			buildActionMask = 2147483647;
			files = (
				FC8F7ADA1EB081150033E963 /* ViewController.m in Sources */,
				FC8F7AD71EB081150033E963 /* AppDelegate.m in Sources */,
				FC8F7AD41EB081150033E963 /* main.m in Sources */,
			);
			runOnlyForDeploymentPostprocessing = 0;
		};
/* End PBXSourcesBuildPhase section */

/* Begin PBXVariantGroup section */
		FC8F7ADB1EB081150033E963 /* Main.storyboard */ = {
			isa = PBXVariantGroup;
			children = (
				FC8F7ADC1EB081150033E963 /* Base */,
			);
			name = Main.storyboard;
			sourceTree = "<group>";
		};
		FC8F7AE01EB081150033E963 /* LaunchScreen.storyboard */ = {
			isa = PBXVariantGroup;
			children = (
				FC8F7AE11EB081150033E963 /* Base */,
			);
			name = LaunchScreen.storyboard;
			sourceTree = "<group>";
		};
/* End PBXVariantGroup section */

/* Begin XCBuildConfiguration section */
		FC8F7AE41EB081150033E963 /* Debug */ = {
			isa = XCBuildConfiguration;
			buildSettings = {
				ALWAYS_SEARCH_USER_PATHS = NO;
				CLANG_ANALYZER_NONNULL = YES;
				CLANG_ANALYZER_NUMBER_OBJECT_CONVERSION = YES_AGGRESSIVE;
				CLANG_CXX_LANGUAGE_STANDARD = "gnu++0x";
				CLANG_CXX_LIBRARY = "libc++";
				CLANG_ENABLE_MODULES = YES;
				CLANG_ENABLE_OBJC_ARC = YES;
				CLANG_WARN_BOOL_CONVERSION = YES;
				CLANG_WARN_CONSTANT_CONVERSION = YES;
				CLANG_WARN_DIRECT_OBJC_ISA_USAGE = YES_ERROR;
				CLANG_WARN_DOCUMENTATION_COMMENTS = YES;
				CLANG_WARN_EMPTY_BODY = YES;
				CLANG_WARN_ENUM_CONVERSION = YES;
				CLANG_WARN_INFINITE_RECURSION = YES;
				CLANG_WARN_INT_CONVERSION = YES;
				CLANG_WARN_OBJC_ROOT_CLASS = YES_ERROR;
				CLANG_WARN_SUSPICIOUS_MOVE = YES;
				CLANG_WARN_UNREACHABLE_CODE = YES;
				CLANG_WARN__DUPLICATE_METHOD_MATCH = YES;
				"CODE_SIGN_IDENTITY[sdk=iphoneos*]" = "iPhone Developer";
				COPY_PHASE_STRIP = NO;
				DEBUG_INFORMATION_FORMAT = dwarf;
				ENABLE_STRICT_OBJC_MSGSEND = YES;
				ENABLE_TESTABILITY = YES;
				GCC_C_LANGUAGE_STANDARD = gnu99;
				GCC_DYNAMIC_NO_PIC = NO;
				GCC_NO_COMMON_BLOCKS = YES;
				GCC_OPTIMIZATION_LEVEL = 0;
				GCC_PREPROCESSOR_DEFINITIONS = (
					"DEBUG=1",
					"$(inherited)",
				);
				GCC_WARN_64_TO_32_BIT_CONVERSION = YES;
				GCC_WARN_ABOUT_RETURN_TYPE = YES_ERROR;
				GCC_WARN_UNDECLARED_SELECTOR = YES;
				GCC_WARN_UNINITIALIZED_AUTOS = YES_AGGRESSIVE;
				GCC_WARN_UNUSED_FUNCTION = YES;
				GCC_WARN_UNUSED_VARIABLE = YES;
				IPHONEOS_DEPLOYMENT_TARGET = 10.3;
				MTL_ENABLE_DEBUG_INFO = YES;
				ONLY_ACTIVE_ARCH = YES;
				SDKROOT = iphoneos;
			};
			name = Debug;
		};
		FC8F7AE51EB081150033E963 /* Release */ = {
			isa = XCBuildConfiguration;
			buildSettings = {
				ALWAYS_SEARCH_USER_PATHS = NO;
				CLANG_ANALYZER_NONNULL = YES;
				CLANG_ANALYZER_NUMBER_OBJECT_CONVERSION = YES_AGGRESSIVE;
				CLANG_CXX_LANGUAGE_STANDARD = "gnu++0x";
				CLANG_CXX_LIBRARY = "libc++";
				CLANG_ENABLE_MODULES = YES;
				CLANG_ENABLE_OBJC_ARC = YES;
				CLANG_WARN_BOOL_CONVERSION = YES;
				CLANG_WARN_CONSTANT_CONVERSION = YES;
				CLANG_WARN_DIRECT_OBJC_ISA_USAGE = YES_ERROR;
				CLANG_WARN_DOCUMENTATION_COMMENTS = YES;
				CLANG_WARN_EMPTY_BODY = YES;
				CLANG_WARN_ENUM_CONVERSION = YES;
				CLANG_WARN_INFINITE_RECURSION = YES;
				CLANG_WARN_INT_CONVERSION = YES;
				CLANG_WARN_OBJC_ROOT_CLASS = YES_ERROR;
				CLANG_WARN_SUSPICIOUS_MOVE = YES;
				CLANG_WARN_UNREACHABLE_CODE = YES;
				CLANG_WARN__DUPLICATE_METHOD_MATCH = YES;
				"CODE_SIGN_IDENTITY[sdk=iphoneos*]" = "iPhone Developer";
				COPY_PHASE_STRIP = NO;
				DEBUG_INFORMATION_FORMAT = "dwarf-with-dsym";
				ENABLE_NS_ASSERTIONS = NO;
				ENABLE_STRICT_OBJC_MSGSEND = YES;
				GCC_C_LANGUAGE_STANDARD = gnu99;
				GCC_NO_COMMON_BLOCKS = YES;
				GCC_WARN_64_TO_32_BIT_CONVERSION = YES;
				GCC_WARN_ABOUT_RETURN_TYPE = YES_ERROR;
				GCC_WARN_UNDECLARED_SELECTOR = YES;
				GCC_WARN_UNINITIALIZED_AUTOS = YES_AGGRESSIVE;
				GCC_WARN_UNUSED_FUNCTION = YES;
				GCC_WARN_UNUSED_VARIABLE = YES;
				IPHONEOS_DEPLOYMENT_TARGET = 10.3;
				MTL_ENABLE_DEBUG_INFO = NO;
				SDKROOT = iphoneos;
				VALIDATE_PRODUCT = YES;
			};
			name = Release;
		};
		FC8F7AE71EB081150033E963 /* Debug */ = {
			isa = XCBuildConfiguration;
			buildSettings = {
				ASSETCATALOG_COMPILER_APPICON_NAME = AppIcon;
				DEVELOPMENT_TEAM = ZNES8UYBMU;
				INFOPLIST_FILE = SmartUtilExamples/Info.plist;
				LD_RUNPATH_SEARCH_PATHS = "$(inherited) @executable_path/Frameworks";
				PRODUCT_BUNDLE_IDENTIFIER = com.coderHann.app.SmartUtilExamples;
				PRODUCT_NAME = "$(TARGET_NAME)";
			};
			name = Debug;
		};
		FC8F7AE81EB081150033E963 /* Release */ = {
			isa = XCBuildConfiguration;
			buildSettings = {
				ASSETCATALOG_COMPILER_APPICON_NAME = AppIcon;
				DEVELOPMENT_TEAM = ZNES8UYBMU;
				INFOPLIST_FILE = SmartUtilExamples/Info.plist;
				LD_RUNPATH_SEARCH_PATHS = "$(inherited) @executable_path/Frameworks";
				PRODUCT_BUNDLE_IDENTIFIER = com.coderHann.app.SmartUtilExamples;
				PRODUCT_NAME = "$(TARGET_NAME)";
			};
			name = Release;
		};
/* End XCBuildConfiguration section */

/* Begin XCConfigurationList section */
		FC8F7ACA1EB081150033E963 /* Build configuration list for PBXProject "SmartUtilExamples" */ = {
			isa = XCConfigurationList;
			buildConfigurations = (
				FC8F7AE41EB081150033E963 /* Debug */,
				FC8F7AE51EB081150033E963 /* Release */,
			);
			defaultConfigurationIsVisible = 0;
			defaultConfigurationName = Release;
		};
		FC8F7AE61EB081150033E963 /* Build configuration list for PBXNativeTarget "SmartUtilExamples" */ = {
			isa = XCConfigurationList;
			buildConfigurations = (
				FC8F7AE71EB081150033E963 /* Debug */,
				FC8F7AE81EB081150033E963 /* Release */,
			);
			defaultConfigurationIsVisible = 0;
		};
/* End XCConfigurationList section */
	};
	rootObject = FC8F7AC71EB081150033E963 /* Project object */;
}
